{
  "nodes": {
    "codeium": {
      "inputs": {
        "flake-utils": "flake-utils",
        "nixpkgs": [
          "nixpkgs"
        ]
      },
      "locked": {
        "lastModified": 1746038916,
        "narHash": "sha256-TWezce2+XrkzaiW/V3VgfX3FMdS8qFE8/FfPEK/Ii84=",
        "owner": "Exafunction",
        "repo": "codeium.nvim",
        "rev": "821b570b526dbb05b57aa4ded578b709a704a38a",
        "type": "github"
      },
      "original": {
        "owner": "Exafunction",
        "repo": "codeium.nvim",
        "type": "github"
      }
    },
    "fcitx5-ilo-sitelen": {
      "inputs": {
        "flake-utils": [
          "flake-utils"
        ],
        "nixpkgs": [
          "nixpkgs"
        ]
      },
      "locked": {
        "lastModified": 1755635313,
        "narHash": "sha256-hGWewpknjI+qb1dz9xoJzfdMveFSa4FkGUxRnhXeaUQ=",
        "owner": "kotfind",
        "repo": "ilo-sitelen",
        "rev": "203269427bf7678384e8e165fda6bdef2e292524",
        "type": "github"
      },
      "original": {
        "owner": "kotfind",
        "repo": "ilo-sitelen",
        "type": "github"
      }
    },
    "flake-parts": {
      "inputs": {
        "nixpkgs-lib": "nixpkgs-lib"
      },
      "locked": {
        "lastModified": 1778716662,
        "narHash": "sha256-m1Yf0wZ8j1OHjTc2UwHwyQRSnNeSgLJOd7q5Y45hzi4=",
        "owner": "hercules-ci",
        "repo": "flake-parts",
        "rev": "f7c1a2d347e4c52d5fb8d10cb4d94b5884e546fb",
        "type": "github"
      },
      "original": {
        "owner": "hercules-ci",
        "repo": "flake-parts",
        "type": "github"
      }
    },
    "flake-utils": {
      "inputs": {
        "systems": "systems"
      },
      "locked": {
        "lastModified": 1701680307,
        "narHash": "sha256-kAuep2h5ajznlPMD9rnQyffWG8EM/C73lejGofXvdM8=",
        "owner": "numtide",
        "repo": "flake-utils",
        "rev": "4022d587cbbfd70fe950c1e2083a02621806a725",
        "type": "github"
      },
      "original": {
        "owner": "numtide",
        "repo": "flake-utils",
        "type": "github"
      }
    },
    "flake-utils_2": {
      "inputs": {
        "systems": "systems_2"
      },
      "locked": {
        "lastModified": 1731533236,
        "narHash": "sha256-l0KFg5HjrsfsO/JpG+r7fRrqm12kzFHyUHqHCVpMMbI=",
        "owner": "numtide",
        "repo": "flake-utils",
        "rev": "11707dc2f618dd54ca8739b309ec4fc024de578b",
        "type": "github"
      },
      "original": {
        "owner": "numtide",
        "repo": "flake-utils",
        "type": "github"
      }
    },
    "flake-utils_3": {
      "inputs": {
        "systems": "systems_3"
      },
      "locked": {
        "lastModified": 1731533236,
        "narHash": "sha256-l0KFg5HjrsfsO/JpG+r7fRrqm12kzFHyUHqHCVpMMbI=",
        "owner": "numtide",
        "repo": "flake-utils",
        "rev": "11707dc2f618dd54ca8739b309ec4fc024de578b",
        "type": "github"
      },
      "original": {
        "owner": "numtide",
        "repo": "flake-utils",
        "type": "github"
      }
    },
    "home-manager": {
      "inputs": {
        "nixpkgs": [
          "nixpkgs"
        ]
      },
      "locked": {
        "lastModified": 1780679734,
        "narHash": "sha256-KmRNvpNOb7QEORa06bVgjW9kITcx0VhsI7w0vhmZyD8=",
        "owner": "nix-community",
        "repo": "home-manager",
        "rev": "b2b7db486e06e098711dc291bb25db82850e1d16",
        "type": "github"
      },
      "original": {
        "owner": "nix-community",
        "repo": "home-manager",
        "type": "github"
      }
    },
    "nasin-nanpa": {
      "inputs": {
        "flake-utils": [
          "flake-utils"
        ],
        "nixpkgs": [
          "nixpkgs"
        ]
      },
      "locked": {
        "lastModified": 1755635907,
        "narHash": "sha256-GRjKcopEKoyvwW4jRYo5P/OTRkAcjkPGMuC0+YE4QNc=",
        "owner": "kotfind",
        "repo": "nasin-nanpa",
        "rev": "4ecb826670f3508bd9152651b0be964492816d75",
        "type": "github"
      },
      "original": {
        "owner": "kotfind",
        "repo": "nasin-nanpa",
        "type": "github"
      }
    },
    "nix-cached": {
      "inputs": {
        "flake-utils": "flake-utils_3",
        "nixpkgs": "nixpkgs"
      },
      "locked": {
        "lastModified": 1784321749,
        "narHash": "sha256-wPdyTxuJpzzRTe6LZGKlPbHyJ6f9HTaW/6LYlz2CAIE=",
        "owner": "kotfind",
        "repo": "nix-cached",
        "rev": "4327b33355f76b4fde874490b1605fbc7eb9215d",
        "type": "github"
      },
      "original": {
        "owner": "kotfind",
        "repo": "nix-cached",
        "type": "github"
      }
    },
    "nix-darwin": {
      "inputs": {
        "nixpkgs": [
          "nix-dash-docsets",
          "nixpkgs"
        ]
      },
      "locked": {
        "lastModified": 1781761792,
        "narHash": "sha256-rCPytmKNjctLloB6UgK5CRrHSwV4b0ygxtJLPPp8R14=",
        "owner": "LnL7",
        "repo": "nix-darwin",
        "rev": "a1fa429e945becaf60468600daf649be4ba0350c",
        "type": "github"
      },
      "original": {
        "owner": "LnL7",
        "repo": "nix-darwin",
        "type": "github"
      }
    },
    "nix-dash-docsets": {
      "inputs": {
        "flake-parts": "flake-parts",
        "home-manager": [
          "home-manager"
        ],
        "nix-darwin": "nix-darwin",
        "nixpkgs": [
          "nixpkgs"
        ]
      },
      "locked": {
        "lastModified": 1782679321,
        "narHash": "sha256-LVywFgi3m7NJ61wMqnD7Ajpja32QaJsuys8BC4XOjWM=",
        "owner": "boinkor-net",
        "repo": "nix-dash-docsets",
        "rev": "3a3f28e7dc7a95755cc857308ac1b97830d7fa82",
        "type": "github"
      },
      "original": {
        "owner": "boinkor-net",
        "repo": "nix-dash-docsets",
        "type": "github"
      }
    },
    "nix-index-database": {
      "inputs": {
        "nixpkgs": [
          "nixpkgs"
        ]
      },
      "locked": {
        "lastModified": 1783023993,
        "narHash": "sha256-gaOvvY/lL1eWoSmSRO17pWry8R49AuPMrF4nzu47K5o=",
        "owner": "nix-community",
        "repo": "nix-index-database",
        "rev": "f8ed6cdcb1fd28a6ab7b61f4467a4f67fe2d9074",
        "type": "github"
      },
      "original": {
        "owner": "nix-community",
        "repo": "nix-index-database",
        "type": "github"
      }
    },
    "nixCats": {
      "locked": {
        "lastModified": 1777273601,
        "narHash": "sha256-xBUa8Tl9V7IXI+VmLEuDc81La/EhoSn1C3EVSnJ3cfU=",
        "owner": "BirdeeHub",
        "repo": "nixCats-nvim",
        "rev": "f69ea013e328841a7def7037ed59788a76be8816",
        "type": "github"
      },
      "original": {
        "owner": "BirdeeHub",
        "repo": "nixCats-nvim",
        "type": "github"
      }
    },
    "nixpkgs": {
      "locked": {
        "lastModified": 1751274312,
        "narHash": "sha256-/bVBlRpECLVzjV19t5KMdMFWSwKLtb5RyXdjz3LJT+g=",
        "owner": "nixos",
        "repo": "nixpkgs",
        "rev": "50ab793786d9de88ee30ec4e4c24fb4236fc2674",
        "type": "github"
      },
      "original": {
        "owner": "nixos",
        "ref": "nixos-24.11",
        "repo": "nixpkgs",
        "type": "github"
      }
    },
    "nixpkgs-lib": {
      "locked": {
        "lastModified": 1777168982,
        "narHash": "sha256-GOkGPcboWE9BmGCRMLX3worL4EMnsnG8MyKmXNeYuhQ=",
        "owner": "nix-community",
        "repo": "nixpkgs.lib",
        "rev": "f5901329dade4a6ea039af1433fb087bd9c1fe14",
        "type": "github"
      },
      "original": {
        "owner": "nix-community",
        "repo": "nixpkgs.lib",
        "type": "github"
      }
    },
    "nixpkgs_2": {
      "locked": {
        "lastModified": 1782959384,
        "narHash": "sha256-l57y2CK9dTSChgb6Edg7kkXu5DA4rucVbNFoQHUBjmw=",
        "rev": "65179426c83bb3f6bc14898b42ea1c6f01d374b0",
        "type": "tarball",
        "url": "https://releases.nixos.org/nixos/unstable/nixos-26.11pre1026231.65179426c83b/nixexprs.tar.xz"
      },
      "original": {
        "id": "nixpkgs",
        "ref": "nixos-unstable",
        "type": "indirect"
      }
    },
    "nvim-spl-en": {
      "flake": false,
      "locked": {
        "narHash": "sha256-D7PU4+gCrrshtSQTg3WGzk0UaD9mzpb1EdjW5/O13nM=",
        "type": "file",
        "url": "https://ftp.nluug.nl/pub/vim/runtime/spell/en.utf-8.spl"
      },
      "original": {
        "type": "file",
        "url": "https://ftp.nluug.nl/pub/vim/runtime/spell/en.utf-8.spl"
      }
    },
    "nvim-spl-ru": {
      "flake": false,
      "locked": {
        "narHash": "sha256-+qR5FsmYK/332YyxfyjqQ6zHaygCoTtM1p2Okza4YLY=",
        "type": "file",
        "url": "https://ftp.nluug.nl/pub/vim/runtime/spell/ru.utf-8.spl"
      },
      "original": {
        "type": "file",
        "url": "https://ftp.nluug.nl/pub/vim/runtime/spell/ru.utf-8.spl"
      }
    },
    "nvim-sug-en": {
      "flake": false,
      "locked": {
        "narHash": "sha256-Qj81zFWCP8nM9kqgYm1B/hhRmk3NxhQoV8xpFbjS6Pc=",
        "type": "file",
        "url": "https://ftp.nluug.nl/pub/vim/runtime/spell/en.utf-8.sug"
      },
      "original": {
        "type": "file",
        "url": "https://ftp.nluug.nl/pub/vim/runtime/spell/en.utf-8.sug"
      }
    },
    "nvim-sug-ru": {
      "flake": false,
      "locked": {
        "narHash": "sha256-yzT/KlhbkxouHfq48JtAMnnB+htAERv8fnGp2PKQFJU=",
        "type": "file",
        "url": "https://ftp.nluug.nl/pub/vim/runtime/spell/ru.utf-8.sug"
      },
      "original": {
        "type": "file",
        "url": "https://ftp.nluug.nl/pub/vim/runtime/spell/ru.utf-8.sug"
      }
    },
    "root": {
      "inputs": {
        "codeium": "codeium",
        "fcitx5-ilo-sitelen": "fcitx5-ilo-sitelen",
        "flake-utils": "flake-utils_2",
        "home-manager": "home-manager",
        "nasin-nanpa": "nasin-nanpa",
        "nix-cached": "nix-cached",
        "nix-dash-docsets": "nix-dash-docsets",
        "nix-index-database": "nix-index-database",
        "nixCats": "nixCats",
        "nixpkgs": "nixpkgs_2",
        "nvim-spl-en": "nvim-spl-en",
        "nvim-spl-ru": "nvim-spl-ru",
        "nvim-sug-en": "nvim-sug-en",
        "nvim-sug-ru": "nvim-sug-ru",
        "sops-nix": "sops-nix"
      }
    },
    "sops-nix": {
      "inputs": {
        "nixpkgs": [
          "nixpkgs"
        ]
      },
      "locked": {
        "lastModified": 1783104586,
        "narHash": "sha256-vSLKc7m34/g5xH4dwmNZSqxc5OcHeE3qiG3EIz6bJKs=",
        "owner": "Mic92",
        "repo": "sops-nix",
        "rev": "1ebd41717762d837d5115f7108522c29cdb00fbb",
        "type": "github"
      },
      "original": {
        "owner": "Mic92",
        "repo": "sops-nix",
        "type": "github"
      }
    },
    "systems": {
      "locked": {
        "lastModified": 1681028828,
        "narHash": "sha256-Vy1rq5AaRuLzOxct8nz4T6wlgyUR7zLU309k9mBC768=",
        "owner": "nix-systems",
        "repo": "default",
        "rev": "da67096a3b9bf56a91d16901293e51ba5b49a27e",
        "type": "github"
      },
      "original": {
        "owner": "nix-systems",
        "repo": "default",
        "type": "github"
      }
    },
    "systems_2": {
      "locked": {
        "lastModified": 1681028828,
        "narHash": "sha256-Vy1rq5AaRuLzOxct8nz4T6wlgyUR7zLU309k9mBC768=",
        "owner": "nix-systems",
        "repo": "default",
        "rev": "da67096a3b9bf56a91d16901293e51ba5b49a27e",
        "type": "github"
      },
      "original": {
        "owner": "nix-systems",
        "repo": "default",
        "type": "github"
      }
    },
    "systems_3": {
      "locked": {
        "lastModified": 1681028828,
        "narHash": "sha256-Vy1rq5AaRuLzOxct8nz4T6wlgyUR7zLU309k9mBC768=",
        "owner": "nix-systems",
        "repo": "default",
        "rev": "da67096a3b9bf56a91d16901293e51ba5b49a27e",
        "type": "github"
      },
      "original": {
        "owner": "nix-systems",
        "repo": "default",
        "type": "github"
      }
    }
  },
  "root": "root",
  "version": 7
}
