{
  "nodes": {
    "codeium": {
      "inputs": {
        "flake-utils": "flake-utils",
        "nixpkgs": [
          "nixpkgs"
        ]
      },
      "locked": {
        "lastModified": 1746038916,
        "narHash": "sha256-TWezce2+XrkzaiW/V3VgfX3FMdS8qFE8/FfPEK/Ii84=",
        "owner": "Exafunction",
        "repo": "codeium.nvim",
        "rev": "821b570b526dbb05b57aa4ded578b709a704a38a",
        "type": "github"
      },
      "original": {
        "owner": "Exafunction",
        "repo": "codeium.nvim",
        "type": "github"
      }
    },
    "fcitx5-ilo-sitelen": {
      "inputs": {
        "flake-utils": [
          "flake-utils"
        ],
        "nixpkgs": [
          "nixpkgs"
        ]
      },
      "locked": {
        "lastModified": 1755635313,
        "narHash": "sha256-hGWewpknjI+qb1dz9xoJzfdMveFSa4FkGUxRnhXeaUQ=",
        "owner": "kotfind",
        "repo": "ilo-sitelen",
        "rev": "203269427bf7678384e8e165fda6bdef2e292524",
        "type": "github"
      },
      "original": {
        "owner": "kotfind",
        "repo": "ilo-sitelen",
        "type": "github"
      }
    },
    "flake-utils": {
      "inputs": {
        "systems": "systems"
      },
      "locked": {
        "lastModified": 1701680307,
        "narHash": "sha256-kAuep2h5ajznlPMD9rnQyffWG8EM/C73lejGofXvdM8=",
        "owner": "numtide",
        "repo": "flake-utils",
        "rev": "4022d587cbbfd70fe950c1e2083a02621806a725",
        "type": "github"
      },
      "original": {
        "owner": "numtide",
        "repo": "flake-utils",
        "type": "github"
      }
    },
    "flake-utils_2": {
      "inputs": {
        "systems": "systems_2"
      },
      "locked": {
        "lastModified": 1731533236,
        "narHash": "sha256-l0KFg5HjrsfsO/JpG+r7fRrqm12kzFHyUHqHCVpMMbI=",
        "owner": "numtide",
        "repo": "flake-utils",
        "rev": "11707dc2f618dd54ca8739b309ec4fc024de578b",
        "type": "github"
      },
      "original": {
        "owner": "numtide",
        "repo": "flake-utils",
        "type": "github"
      }
    },
    "home-manager": {
      "inputs": {
        "nixpkgs": [
          "nixpkgs"
        ]
      },
      "locked": {
        "lastModified": 1764361670,
        "narHash": "sha256-jgWzgpIaHbL3USIq0gihZeuy1lLf2YSfwvWEwnfAJUw=",
        "owner": "nix-community",
        "repo": "home-manager",
        "rev": "780be8ef503a28939cf9dc7996b48ffb1a3e04c6",
        "type": "github"
      },
      "original": {
        "owner": "nix-community",
        "repo": "home-manager",
        "type": "github"
      }
    },
    "nasin-nanpa": {
      "inputs": {
        "flake-utils": [
          "flake-utils"
        ],
        "nixpkgs": [
          "nixpkgs"
        ]
      },
      "locked": {
        "lastModified": 1755635907,
        "narHash": "sha256-GRjKcopEKoyvwW4jRYo5P/OTRkAcjkPGMuC0+YE4QNc=",
        "owner": "kotfind",
        "repo": "nasin-nanpa",
        "rev": "4ecb826670f3508bd9152651b0be964492816d75",
        "type": "github"
      },
      "original": {
        "owner": "kotfind",
        "repo": "nasin-nanpa",
        "type": "github"
      }
    },
    "nix-index-database": {
      "inputs": {
        "nixpkgs": [
          "nixpkgs"
        ]
      },
      "locked": {
        "lastModified": 1763870992,
        "narHash": "sha256-NPyc76Wxmv/vAsXJ8F+/8fXECHYcv2YGSqdiSHp/F/A=",
        "owner": "nix-community",
        "repo": "nix-index-database",
        "rev": "d7423982c7a26586aa237d130b14c8b302c7a367",
        "type": "github"
      },
      "original": {
        "owner": "nix-community",
        "repo": "nix-index-database",
        "type": "github"
      }
    },
    "nixCats": {
      "locked": {
        "lastModified": 1764009888,
        "narHash": "sha256-hJekfTiW1792txgRSM4LcHnz1lDSY87LYbsJEn2V378=",
        "owner": "BirdeeHub",
        "repo": "nixCats-nvim",
        "rev": "16ac3281f322ea15d39843829e42a44d22da3715",
        "type": "github"
      },
      "original": {
        "owner": "BirdeeHub",
        "repo": "nixCats-nvim",
        "type": "github"
      }
    },
    "nixpkgs": {
      "locked": {
        "lastModified": 1764242076,
        "narHash": "sha256-sKoIWfnijJ0+9e4wRvIgm/HgE27bzwQxcEmo2J/gNpI=",
        "owner": "nixos",
        "repo": "nixpkgs",
        "rev": "2fad6eac6077f03fe109c4d4eb171cf96791faa4",
        "type": "github"
      },
      "original": {
        "owner": "nixos",
        "ref": "nixos-unstable",
        "repo": "nixpkgs",
        "type": "github"
      }
    },
    "nvim-spl-en": {
      "flake": false,
      "locked": {
        "narHash": "sha256-D7PU4+gCrrshtSQTg3WGzk0UaD9mzpb1EdjW5/O13nM=",
        "type": "file",
        "url": "https://ftp.nluug.nl/pub/vim/runtime/spell/en.utf-8.spl"
      },
      "original": {
        "type": "file",
        "url": "https://ftp.nluug.nl/pub/vim/runtime/spell/en.utf-8.spl"
      }
    },
    "nvim-spl-ru": {
      "flake": false,
      "locked": {
        "narHash": "sha256-+qR5FsmYK/332YyxfyjqQ6zHaygCoTtM1p2Okza4YLY=",
        "type": "file",
        "url": "https://ftp.nluug.nl/pub/vim/runtime/spell/ru.utf-8.spl"
      },
      "original": {
        "type": "file",
        "url": "https://ftp.nluug.nl/pub/vim/runtime/spell/ru.utf-8.spl"
      }
    },
    "nvim-sug-en": {
      "flake": false,
      "locked": {
        "narHash": "sha256-Qj81zFWCP8nM9kqgYm1B/hhRmk3NxhQoV8xpFbjS6Pc=",
        "type": "file",
        "url": "https://ftp.nluug.nl/pub/vim/runtime/spell/en.utf-8.sug"
      },
      "original": {
        "type": "file",
        "url": "https://ftp.nluug.nl/pub/vim/runtime/spell/en.utf-8.sug"
      }
    },
    "nvim-sug-ru": {
      "flake": false,
      "locked": {
        "narHash": "sha256-yzT/KlhbkxouHfq48JtAMnnB+htAERv8fnGp2PKQFJU=",
        "type": "file",
        "url": "https://ftp.nluug.nl/pub/vim/runtime/spell/ru.utf-8.sug"
      },
      "original": {
        "type": "file",
        "url": "https://ftp.nluug.nl/pub/vim/runtime/spell/ru.utf-8.sug"
      }
    },
    "root": {
      "inputs": {
        "codeium": "codeium",
        "fcitx5-ilo-sitelen": "fcitx5-ilo-sitelen",
        "flake-utils": "flake-utils_2",
        "home-manager": "home-manager",
        "nasin-nanpa": "nasin-nanpa",
        "nix-index-database": "nix-index-database",
        "nixCats": "nixCats",
        "nixpkgs": "nixpkgs",
        "nvim-spl-en": "nvim-spl-en",
        "nvim-spl-ru": "nvim-spl-ru",
        "nvim-sug-en": "nvim-sug-en",
        "nvim-sug-ru": "nvim-sug-ru",
        "sops-nix": "sops-nix"
      }
    },
    "sops-nix": {
      "inputs": {
        "nixpkgs": [
          "nixpkgs"
        ]
      },
      "locked": {
        "lastModified": 1764021963,
        "narHash": "sha256-1m84V2ROwNEbqeS9t37/mkry23GBhfMt8qb6aHHmjuc=",
        "owner": "Mic92",
        "repo": "sops-nix",
        "rev": "c482a1c1bbe030be6688ed7dc84f7213f304f1ec",
        "type": "github"
      },
      "original": {
        "owner": "Mic92",
        "repo": "sops-nix",
        "type": "github"
      }
    },
    "systems": {
      "locked": {
        "lastModified": 1681028828,
        "narHash": "sha256-Vy1rq5AaRuLzOxct8nz4T6wlgyUR7zLU309k9mBC768=",
        "owner": "nix-systems",
        "repo": "default",
        "rev": "da67096a3b9bf56a91d16901293e51ba5b49a27e",
        "type": "github"
      },
      "original": {
        "owner": "nix-systems",
        "repo": "default",
        "type": "github"
      }
    },
    "systems_2": {
      "locked": {
        "lastModified": 1681028828,
        "narHash": "sha256-Vy1rq5AaRuLzOxct8nz4T6wlgyUR7zLU309k9mBC768=",
        "owner": "nix-systems",
        "repo": "default",
        "rev": "da67096a3b9bf56a91d16901293e51ba5b49a27e",
        "type": "github"
      },
      "original": {
        "owner": "nix-systems",
        "repo": "default",
        "type": "github"
      }
    }
  },
  "root": "root",
  "version": 7
}
