{
  "nodes": {
    "codeium": {
      "inputs": {
        "flake-utils": "flake-utils",
        "nixpkgs": [
          "nixpkgs"
        ]
      },
      "locked": {
        "lastModified": 1743787951,
        "narHash": "sha256-qah1QzyrAOEA+k1D0Li47zmw0xLDGtsQxshpw3sb0BE=",
        "owner": "Exafunction",
        "repo": "codeium.nvim",
        "rev": "9569c9095a70370849345c861cdb2b06c4cadac7",
        "type": "github"
      },
      "original": {
        "owner": "Exafunction",
        "repo": "codeium.nvim",
        "type": "github"
      }
    },
    "flake-utils": {
      "inputs": {
        "systems": "systems"
      },
      "locked": {
        "lastModified": 1701680307,
        "narHash": "sha256-kAuep2h5ajznlPMD9rnQyffWG8EM/C73lejGofXvdM8=",
        "owner": "numtide",
        "repo": "flake-utils",
        "rev": "4022d587cbbfd70fe950c1e2083a02621806a725",
        "type": "github"
      },
      "original": {
        "owner": "numtide",
        "repo": "flake-utils",
        "type": "github"
      }
    },
    "home-manager": {
      "inputs": {
        "nixpkgs": [
          "nixpkgs"
        ]
      },
      "locked": {
        "lastModified": 1743869639,
        "narHash": "sha256-Xhe3whfRW/Ay05z9m1EZ1/AkbV1yo0tm1CbgjtCi4rQ=",
        "owner": "nix-community",
        "repo": "home-manager",
        "rev": "d094c6763c6ddb860580e7d3b4201f8f496a6836",
        "type": "github"
      },
      "original": {
        "owner": "nix-community",
        "repo": "home-manager",
        "type": "github"
      }
    },
    "nixCats": {
      "locked": {
        "lastModified": 1747402538,
        "narHash": "sha256-hqOngVDs86+L2tYseKLqhhJsgXWluwwmPFJByvMc1d4=",
        "owner": "BirdeeHub",
        "repo": "nixCats-nvim",
        "rev": "14e95095b612f2c438e00a0f60287d867e8abd69",
        "type": "github"
      },
      "original": {
        "owner": "BirdeeHub",
        "repo": "nixCats-nvim",
        "type": "github"
      }
    },
    "nixpkgs": {
      "locked": {
        "lastModified": 1743827369,
        "narHash": "sha256-rpqepOZ8Eo1zg+KJeWoq1HAOgoMCDloqv5r2EAa9TSA=",
        "owner": "nixos",
        "repo": "nixpkgs",
        "rev": "42a1c966be226125b48c384171c44c651c236c22",
        "type": "github"
      },
      "original": {
        "owner": "nixos",
        "ref": "nixos-unstable",
        "repo": "nixpkgs",
        "type": "github"
      }
    },
    "nvim-spl-en": {
      "flake": false,
      "locked": {
        "narHash": "sha256-D7PU4+gCrrshtSQTg3WGzk0UaD9mzpb1EdjW5/O13nM=",
        "type": "file",
        "url": "https://ftp.nluug.nl/pub/vim/runtime/spell/en.utf-8.spl"
      },
      "original": {
        "type": "file",
        "url": "https://ftp.nluug.nl/pub/vim/runtime/spell/en.utf-8.spl"
      }
    },
    "nvim-spl-ru": {
      "flake": false,
      "locked": {
        "narHash": "sha256-+qR5FsmYK/332YyxfyjqQ6zHaygCoTtM1p2Okza4YLY=",
        "type": "file",
        "url": "https://ftp.nluug.nl/pub/vim/runtime/spell/ru.utf-8.spl"
      },
      "original": {
        "type": "file",
        "url": "https://ftp.nluug.nl/pub/vim/runtime/spell/ru.utf-8.spl"
      }
    },
    "nvim-sug-en": {
      "flake": false,
      "locked": {
        "narHash": "sha256-Qj81zFWCP8nM9kqgYm1B/hhRmk3NxhQoV8xpFbjS6Pc=",
        "type": "file",
        "url": "https://ftp.nluug.nl/pub/vim/runtime/spell/en.utf-8.sug"
      },
      "original": {
        "type": "file",
        "url": "https://ftp.nluug.nl/pub/vim/runtime/spell/en.utf-8.sug"
      }
    },
    "nvim-sug-ru": {
      "flake": false,
      "locked": {
        "narHash": "sha256-yzT/KlhbkxouHfq48JtAMnnB+htAERv8fnGp2PKQFJU=",
        "type": "file",
        "url": "https://ftp.nluug.nl/pub/vim/runtime/spell/ru.utf-8.sug"
      },
      "original": {
        "type": "file",
        "url": "https://ftp.nluug.nl/pub/vim/runtime/spell/ru.utf-8.sug"
      }
    },
    "root": {
      "inputs": {
        "codeium": "codeium",
        "home-manager": "home-manager",
        "nixCats": "nixCats",
        "nixpkgs": "nixpkgs",
        "nvim-spl-en": "nvim-spl-en",
        "nvim-spl-ru": "nvim-spl-ru",
        "nvim-sug-en": "nvim-sug-en",
        "nvim-sug-ru": "nvim-sug-ru",
        "sops-nix": "sops-nix"
      }
    },
    "sops-nix": {
      "inputs": {
        "nixpkgs": [
          "nixpkgs"
        ]
      },
      "locked": {
        "lastModified": 1743910657,
        "narHash": "sha256-zr2jmWeWyhCD8WmO2aWov2g0WPPuZfcJDKzMJZYGq3Y=",
        "owner": "Mic92",
        "repo": "sops-nix",
        "rev": "523f58a4faff6c67f5f685bed33a7721e984c304",
        "type": "github"
      },
      "original": {
        "owner": "Mic92",
        "repo": "sops-nix",
        "type": "github"
      }
    },
    "systems": {
      "locked": {
        "lastModified": 1681028828,
        "narHash": "sha256-Vy1rq5AaRuLzOxct8nz4T6wlgyUR7zLU309k9mBC768=",
        "owner": "nix-systems",
        "repo": "default",
        "rev": "da67096a3b9bf56a91d16901293e51ba5b49a27e",
        "type": "github"
      },
      "original": {
        "owner": "nix-systems",
        "repo": "default",
        "type": "github"
      }
    }
  },
  "root": "root",
  "version": 7
}
